
Microsoft Visual Studio Solution File, Format Version 12.00
# Visual Studio 15
VisualStudioVersion = 15.0.28010.2041
MinimumVisualStudioVersion = 10.0.40219.1
Project("{FAE04EC0-301F-11D3-BF4B-00C04F79EFBC}") = "MonsterHunterWorldGuide.Android", "MonsterHunterWorldGuide\MonsterHunterWorldGuide.Android\MonsterHunterWorldGuide.Android.csproj", "{CDB75D99-772E-4963-B2F2-4C690D926FF6}"
EndProject
Project("{FAE04EC0-301F-11D3-BF4B-00C04F79EFBC}") = "MonsterHunterWorldGuide.iOS", "MonsterHunterWorldGuide\MonsterHunterWorldGuide.iOS\MonsterHunterWorldGuide.iOS.csproj", "{16F7F01A-C60B-4142-97DF-DB5D9D3574B0}"
EndProject
Project("{FAE04EC0-301F-11D3-BF4B-00C04F79EFBC}") = "MonsterHunterWorldGuide", "MonsterHunterWorldGuide\MonsterHunterWorldGuide\MonsterHunterWorldGuide.csproj", "{1C6C769A-0806-4BF9-8E20-55C2A9A6A513}"
EndProject
Global
	GlobalSection(SolutionConfigurationPlatforms) = preSolution
		Ad-Hoc|Any CPU = Ad-Hoc|Any CPU
		Ad-Hoc|iPhone = Ad-Hoc|iPhone
		Ad-Hoc|iPhoneSimulator = Ad-Hoc|iPhoneSimulator
		AppStore|Any CPU = AppStore|Any CPU
		AppStore|iPhone = AppStore|iPhone
		AppStore|iPhoneSimulator = AppStore|iPhoneSimulator
		Debug|Any CPU = Debug|Any CPU
		Debug|iPhone = Debug|iPhone
		Debug|iPhoneSimulator = Debug|iPhoneSimulator
		Release|Any CPU = Release|Any CPU
		Release|iPhone = Release|iPhone
		Release|iPhoneSimulator = Release|iPhoneSimulator
	EndGlobalSection
	GlobalSection(ProjectConfigurationPlatforms) = postSolution
		{CDB75D99-772E-4963-B2F2-4C690D926FF6}.Ad-Hoc|Any CPU.ActiveCfg = Release|Any CPU
		{CDB75D99-772E-4963-B2F2-4C690D926FF6}.Ad-Hoc|Any CPU.Build.0 = Release|Any CPU
		{CDB75D99-772E-4963-B2F2-4C690D926FF6}.Ad-Hoc|Any CPU.Deploy.0 = Release|Any CPU
		{CDB75D99-772E-4963-B2F2-4C690D926FF6}.Ad-Hoc|iPhone.ActiveCfg = Release|Any CPU
		{CDB75D99-772E-4963-B2F2-4C690D926FF6}.Ad-Hoc|iPhone.Build.0 = Release|Any CPU
		{CDB75D99-772E-4963-B2F2-4C690D926FF6}.Ad-Hoc|iPhone.Deploy.0 = Release|Any CPU
		{CDB75D99-772E-4963-B2F2-4C690D926FF6}.Ad-Hoc|iPhoneSimulator.ActiveCfg = Release|Any CPU
		{CDB75D99-772E-4963-B2F2-4C690D926FF6}.Ad-Hoc|iPhoneSimulator.Build.0 = Release|Any CPU
		{CDB75D99-772E-4963-B2F2-4C690D926FF6}.Ad-Hoc|iPhoneSimulator.Deploy.0 = Release|Any CPU
		{CDB75D99-772E-4963-B2F2-4C690D926FF6}.AppStore|Any CPU.ActiveCfg = Release|Any CPU
		{CDB75D99-772E-4963-B2F2-4C690D926FF6}.AppStore|Any CPU.Build.0 = Release|Any CPU
		{CDB75D99-772E-4963-B2F2-4C690D926FF6}.AppStore|Any CPU.Deploy.0 = Release|Any CPU
		{CDB75D99-772E-4963-B2F2-4C690D926FF6}.AppStore|iPhone.ActiveCfg = Release|Any CPU
		{CDB75D99-772E-4963-B2F2-4C690D926FF6}.AppStore|iPhone.Build.0 = Release|Any CPU
		{CDB75D99-772E-4963-B2F2-4C690D926FF6}.AppStore|iPhone.Deploy.0 = Release|Any CPU
		{CDB75D99-772E-4963-B2F2-4C690D926FF6}.AppStore|iPhoneSimulator.ActiveCfg = Release|Any CPU
		{CDB75D99-772E-4963-B2F2-4C690D926FF6}.AppStore|iPhoneSimulator.Build.0 = Release|Any CPU
		{CDB75D99-772E-4963-B2F2-4C690D926FF6}.AppStore|iPhoneSimulator.Deploy.0 = Release|Any CPU
		{CDB75D99-772E-4963-B2F2-4C690D926FF6}.Debug|Any CPU.ActiveCfg = Debug|Any CPU
		{CDB75D99-772E-4963-B2F2-4C690D926FF6}.Debug|Any CPU.Build.0 = Debug|Any CPU
		{CDB75D99-772E-4963-B2F2-4C690D926FF6}.Debug|Any CPU.Deploy.0 = Debug|Any CPU
		{CDB75D99-772E-4963-B2F2-4C690D926FF6}.Debug|iPhone.ActiveCfg = Debug|Any CPU
		{CDB75D99-772E-4963-B2F2-4C690D926FF6}.Debug|iPhone.Build.0 = Debug|Any CPU
		{CDB75D99-772E-4963-B2F2-4C690D926FF6}.Debug|iPhone.Deploy.0 = Debug|Any CPU
		{CDB75D99-772E-4963-B2F2-4C690D926FF6}.Debug|iPhoneSimulator.ActiveCfg = Debug|Any CPU
		{CDB75D99-772E-4963-B2F2-4C690D926FF6}.Debug|iPhoneSimulator.Build.0 = Debug|Any CPU
		{CDB75D99-772E-4963-B2F2-4C690D926FF6}.Debug|iPhoneSimulator.Deploy.0 = Debug|Any CPU
		{CDB75D99-772E-4963-B2F2-4C690D926FF6}.Release|Any CPU.ActiveCfg = Release|Any CPU
		{CDB75D99-772E-4963-B2F2-4C690D926FF6}.Release|Any CPU.Build.0 = Release|Any CPU
		{CDB75D99-772E-4963-B2F2-4C690D926FF6}.Release|Any CPU.Deploy.0 = Release|Any CPU
		{CDB75D99-772E-4963-B2F2-4C690D926FF6}.Release|iPhone.ActiveCfg = Release|Any CPU
		{CDB75D99-772E-4963-B2F2-4C690D926FF6}.Release|iPhone.Build.0 = Release|Any CPU
		{CDB75D99-772E-4963-B2F2-4C690D926FF6}.Release|iPhone.Deploy.0 = Release|Any CPU
		{CDB75D99-772E-4963-B2F2-4C690D926FF6}.Release|iPhoneSimulator.ActiveCfg = Release|Any CPU
		{CDB75D99-772E-4963-B2F2-4C690D926FF6}.Release|iPhoneSimulator.Build.0 = Release|Any CPU
		{CDB75D99-772E-4963-B2F2-4C690D926FF6}.Release|iPhoneSimulator.Deploy.0 = Release|Any CPU
		{16F7F01A-C60B-4142-97DF-DB5D9D3574B0}.Ad-Hoc|Any CPU.ActiveCfg = Ad-Hoc|iPhone
		{16F7F01A-C60B-4142-97DF-DB5D9D3574B0}.Ad-Hoc|Any CPU.Build.0 = Ad-Hoc|iPhone
		{16F7F01A-C60B-4142-97DF-DB5D9D3574B0}.Ad-Hoc|Any CPU.Deploy.0 = Ad-Hoc|iPhone
		{16F7F01A-C60B-4142-97DF-DB5D9D3574B0}.Ad-Hoc|iPhone.ActiveCfg = Ad-Hoc|iPhone
		{16F7F01A-C60B-4142-97DF-DB5D9D3574B0}.Ad-Hoc|iPhone.Build.0 = Ad-Hoc|iPhone
		{16F7F01A-C60B-4142-97DF-DB5D9D3574B0}.Ad-Hoc|iPhone.Deploy.0 = Ad-Hoc|iPhone
		{16F7F01A-C60B-4142-97DF-DB5D9D3574B0}.Ad-Hoc|iPhoneSimulator.ActiveCfg = Ad-Hoc|iPhoneSimulator
		{16F7F01A-C60B-4142-97DF-DB5D9D3574B0}.Ad-Hoc|iPhoneSimulator.Build.0 = Ad-Hoc|iPhoneSimulator
		{16F7F01A-C60B-4142-97DF-DB5D9D3574B0}.Ad-Hoc|iPhoneSimulator.Deploy.0 = Ad-Hoc|iPhoneSimulator
		{16F7F01A-C60B-4142-97DF-DB5D9D3574B0}.AppStore|Any CPU.ActiveCfg = AppStore|iPhone
		{16F7F01A-C60B-4142-97DF-DB5D9D3574B0}.AppStore|Any CPU.Build.0 = AppStore|iPhone
		{16F7F01A-C60B-4142-97DF-DB5D9D3574B0}.AppStore|Any CPU.Deploy.0 = AppStore|iPhone
		{16F7F01A-C60B-4142-97DF-DB5D9D3574B0}.AppStore|iPhone.ActiveCfg = AppStore|iPhone
		{16F7F01A-C60B-4142-97DF-DB5D9D3574B0}.AppStore|iPhone.Build.0 = AppStore|iPhone
		{16F7F01A-C60B-4142-97DF-DB5D9D3574B0}.AppStore|iPhone.Deploy.0 = AppStore|iPhone
		{16F7F01A-C60B-4142-97DF-DB5D9D3574B0}.AppStore|iPhoneSimulator.ActiveCfg = AppStore|iPhoneSimulator
		{16F7F01A-C60B-4142-97DF-DB5D9D3574B0}.AppStore|iPhoneSimulator.Build.0 = AppStore|iPhoneSimulator
		{16F7F01A-C60B-4142-97DF-DB5D9D3574B0}.AppStore|iPhoneSimulator.Deploy.0 = AppStore|iPhoneSimulator
		{16F7F01A-C60B-4142-97DF-DB5D9D3574B0}.Debug|Any CPU.ActiveCfg = Debug|iPhoneSimulator
		{16F7F01A-C60B-4142-97DF-DB5D9D3574B0}.Debug|Any CPU.Build.0 = Debug|iPhoneSimulator
		{16F7F01A-C60B-4142-97DF-DB5D9D3574B0}.Debug|Any CPU.Deploy.0 = Debug|iPhoneSimulator
		{16F7F01A-C60B-4142-97DF-DB5D9D3574B0}.Debug|iPhone.ActiveCfg = Debug|iPhone
		{16F7F01A-C60B-4142-97DF-DB5D9D3574B0}.Debug|iPhone.Build.0 = Debug|iPhone
		{16F7F01A-C60B-4142-97DF-DB5D9D3574B0}.Debug|iPhone.Deploy.0 = Debug|iPhone
		{16F7F01A-C60B-4142-97DF-DB5D9D3574B0}.Debug|iPhoneSimulator.ActiveCfg = Debug|iPhoneSimulator
		{16F7F01A-C60B-4142-97DF-DB5D9D3574B0}.Debug|iPhoneSimulator.Build.0 = Debug|iPhoneSimulator
		{16F7F01A-C60B-4142-97DF-DB5D9D3574B0}.Debug|iPhoneSimulator.Deploy.0 = Debug|iPhoneSimulator
		{16F7F01A-C60B-4142-97DF-DB5D9D3574B0}.Release|Any CPU.ActiveCfg = Release|iPhone
		{16F7F01A-C60B-4142-97DF-DB5D9D3574B0}.Release|Any CPU.Build.0 = Release|iPhone
		{16F7F01A-C60B-4142-97DF-DB5D9D3574B0}.Release|Any CPU.Deploy.0 = Release|iPhone
		{16F7F01A-C60B-4142-97DF-DB5D9D3574B0}.Release|iPhone.ActiveCfg = Release|iPhone
		{16F7F01A-C60B-4142-97DF-DB5D9D3574B0}.Release|iPhone.Build.0 = Release|iPhone
		{16F7F01A-C60B-4142-97DF-DB5D9D3574B0}.Release|iPhone.Deploy.0 = Release|iPhone
		{16F7F01A-C60B-4142-97DF-DB5D9D3574B0}.Release|iPhoneSimulator.ActiveCfg = Release|iPhoneSimulator
		{16F7F01A-C60B-4142-97DF-DB5D9D3574B0}.Release|iPhoneSimulator.Build.0 = Release|iPhoneSimulator
		{16F7F01A-C60B-4142-97DF-DB5D9D3574B0}.Release|iPhoneSimulator.Deploy.0 = Release|iPhoneSimulator
		{1C6C769A-0806-4BF9-8E20-55C2A9A6A513}.Ad-Hoc|Any CPU.ActiveCfg = Debug|Any CPU
		{1C6C769A-0806-4BF9-8E20-55C2A9A6A513}.Ad-Hoc|Any CPU.Build.0 = Debug|Any CPU
		{1C6C769A-0806-4BF9-8E20-55C2A9A6A513}.Ad-Hoc|Any CPU.Deploy.0 = Debug|Any CPU
		{1C6C769A-0806-4BF9-8E20-55C2A9A6A513}.Ad-Hoc|iPhone.ActiveCfg = Debug|Any CPU
		{1C6C769A-0806-4BF9-8E20-55C2A9A6A513}.Ad-Hoc|iPhone.Build.0 = Debug|Any CPU
		{1C6C769A-0806-4BF9-8E20-55C2A9A6A513}.Ad-Hoc|iPhone.Deploy.0 = Debug|Any CPU
		{1C6C769A-0806-4BF9-8E20-55C2A9A6A513}.Ad-Hoc|iPhoneSimulator.ActiveCfg = Debug|Any CPU
		{1C6C769A-0806-4BF9-8E20-55C2A9A6A513}.Ad-Hoc|iPhoneSimulator.Build.0 = Debug|Any CPU
		{1C6C769A-0806-4BF9-8E20-55C2A9A6A513}.Ad-Hoc|iPhoneSimulator.Deploy.0 = Debug|Any CPU
		{1C6C769A-0806-4BF9-8E20-55C2A9A6A513}.AppStore|Any CPU.ActiveCfg = Debug|Any CPU
		{1C6C769A-0806-4BF9-8E20-55C2A9A6A513}.AppStore|Any CPU.Build.0 = Debug|Any CPU
		{1C6C769A-0806-4BF9-8E20-55C2A9A6A513}.AppStore|Any CPU.Deploy.0 = Debug|Any CPU
		{1C6C769A-0806-4BF9-8E20-55C2A9A6A513}.AppStore|iPhone.ActiveCfg = Debug|Any CPU
		{1C6C769A-0806-4BF9-8E20-55C2A9A6A513}.AppStore|iPhone.Build.0 = Debug|Any CPU
		{1C6C769A-0806-4BF9-8E20-55C2A9A6A513}.AppStore|iPhone.Deploy.0 = Debug|Any CPU
		{1C6C769A-0806-4BF9-8E20-55C2A9A6A513}.AppStore|iPhoneSimulator.ActiveCfg = Debug|Any CPU
		{1C6C769A-0806-4BF9-8E20-55C2A9A6A513}.AppStore|iPhoneSimulator.Build.0 = Debug|Any CPU
		{1C6C769A-0806-4BF9-8E20-55C2A9A6A513}.AppStore|iPhoneSimulator.Deploy.0 = Debug|Any CPU
		{1C6C769A-0806-4BF9-8E20-55C2A9A6A513}.Debug|Any CPU.ActiveCfg = Debug|Any CPU
		{1C6C769A-0806-4BF9-8E20-55C2A9A6A513}.Debug|Any CPU.Build.0 = Debug|Any CPU
		{1C6C769A-0806-4BF9-8E20-55C2A9A6A513}.Debug|Any CPU.Deploy.0 = Debug|Any CPU
		{1C6C769A-0806-4BF9-8E20-55C2A9A6A513}.Debug|iPhone.ActiveCfg = Debug|Any CPU
		{1C6C769A-0806-4BF9-8E20-55C2A9A6A513}.Debug|iPhone.Build.0 = Debug|Any CPU
		{1C6C769A-0806-4BF9-8E20-55C2A9A6A513}.Debug|iPhone.Deploy.0 = Debug|Any CPU
		{1C6C769A-0806-4BF9-8E20-55C2A9A6A513}.Debug|iPhoneSimulator.ActiveCfg = Debug|Any CPU
		{1C6C769A-0806-4BF9-8E20-55C2A9A6A513}.Debug|iPhoneSimulator.Build.0 = Debug|Any CPU
		{1C6C769A-0806-4BF9-8E20-55C2A9A6A513}.Debug|iPhoneSimulator.Deploy.0 = Debug|Any CPU
		{1C6C769A-0806-4BF9-8E20-55C2A9A6A513}.Release|Any CPU.ActiveCfg = Release|Any CPU
		{1C6C769A-0806-4BF9-8E20-55C2A9A6A513}.Release|Any CPU.Build.0 = Release|Any CPU
		{1C6C769A-0806-4BF9-8E20-55C2A9A6A513}.Release|Any CPU.Deploy.0 = Release|Any CPU
		{1C6C769A-0806-4BF9-8E20-55C2A9A6A513}.Release|iPhone.ActiveCfg = Release|Any CPU
		{1C6C769A-0806-4BF9-8E20-55C2A9A6A513}.Release|iPhone.Build.0 = Release|Any CPU
		{1C6C769A-0806-4BF9-8E20-55C2A9A6A513}.Release|iPhone.Deploy.0 = Release|Any CPU
		{1C6C769A-0806-4BF9-8E20-55C2A9A6A513}.Release|iPhoneSimulator.ActiveCfg = Release|Any CPU
		{1C6C769A-0806-4BF9-8E20-55C2A9A6A513}.Release|iPhoneSimulator.Build.0 = Release|Any CPU
		{1C6C769A-0806-4BF9-8E20-55C2A9A6A513}.Release|iPhoneSimulator.Deploy.0 = Release|Any CPU
	EndGlobalSection
	GlobalSection(SolutionProperties) = preSolution
		HideSolutionNode = FALSE
	EndGlobalSection
	GlobalSection(ExtensibilityGlobals) = postSolution
		SolutionGuid = {461A24A7-C51A-4F9D-85DE-AC3B45A618BB}
	EndGlobalSection
EndGlobal
